// !$*UTF8*$!
{
	archiveVersion = 1;
	classes = {
	};
	objectVersion = 50;
	objects = {

/* Begin PBXBuildFile section */
		03683BE626E98D6B0042F55E /* AppDelegate.swift in Sources */ = {isa = PBXBuildFile; fileRef = 03683BE526E98D6B0042F55E /* AppDelegate.swift */; };
		03683BE826E98D6B0042F55E /* SceneDelegate.swift in Sources */ = {isa = PBXBuildFile; fileRef = 03683BE726E98D6B0042F55E /* SceneDelegate.swift */; };
		03683BEA26E98D6B0042F55E /* ViewController.swift in Sources */ = {isa = PBXBuildFile; fileRef = 03683BE926E98D6B0042F55E /* ViewController.swift */; };
		03683BED26E98D6B0042F55E /* Main.storyboard in Resources */ = {isa = PBXBuildFile; fileRef = 03683BEB26E98D6B0042F55E /* Main.storyboard */; };
		03683BEF26E98D6D0042F55E /* Assets.xcassets in Resources */ = {isa = PBXBuildFile; fileRef = 03683BEE26E98D6D0042F55E /* Assets.xcassets */; };
		03683BF226E98D6D0042F55E /* LaunchScreen.storyboard in Resources */ = {isa = PBXBuildFile; fileRef = 03683BF026E98D6D0042F55E /* LaunchScreen.storyboard */; };
		03683BFD26E98D6D0042F55E /* ConversoresTests.swift in Sources */ = {isa = PBXBuildFile; fileRef = 03683BFC26E98D6D0042F55E /* ConversoresTests.swift */; };
		03683C0826E98D6D0042F55E /* ConversoresUITests.swift in Sources */ = {isa = PBXBuildFile; fileRef = 03683C0726E98D6D0042F55E /* ConversoresUITests.swift */; };
/* End PBXBuildFile section */

/* Begin PBXContainerItemProxy section */
		03683BF926E98D6D0042F55E /* PBXContainerItemProxy */ = {
			isa = PBXContainerItemProxy;
			containerPortal = 03683BDA26E98D6B0042F55E /* Project object */;
			proxyType = 1;
			remoteGlobalIDString = 03683BE126E98D6B0042F55E;
			remoteInfo = Conversores;
		};
		03683C0426E98D6D0042F55E /* PBXContainerItemProxy */ = {
			isa = PBXContainerItemProxy;
			containerPortal = 03683BDA26E98D6B0042F55E /* Project object */;
			proxyType = 1;
			remoteGlobalIDString = 03683BE126E98D6B0042F55E;
			remoteInfo = Conversores;
		};
/* End PBXContainerItemProxy section */

/* Begin PBXFileReference section */
		03683BE226E98D6B0042F55E /* Conversores.app */ = {isa = PBXFileReference; explicitFileType = wrapper.application; includeInIndex = 0; path = Conversores.app; sourceTree = BUILT_PRODUCTS_DIR; };
		03683BE526E98D6B0042F55E /* AppDelegate.swift */ = {isa = PBXFileReference; lastKnownFileType = sourcecode.swift; path = AppDelegate.swift; sourceTree = "<group>"; };
		03683BE726E98D6B0042F55E /* SceneDelegate.swift */ = {isa = PBXFileReference; lastKnownFileType = sourcecode.swift; path = SceneDelegate.swift; sourceTree = "<group>"; };
		03683BE926E98D6B0042F55E /* ViewController.swift */ = {isa = PBXFileReference; lastKnownFileType = sourcecode.swift; path = ViewController.swift; sourceTree = "<group>"; };
		03683BEC26E98D6B0042F55E /* Base */ = {isa = PBXFileReference; lastKnownFileType = file.storyboard; name = Base; path = Base.lproj/Main.storyboard; sourceTree = "<group>"; };
		03683BEE26E98D6D0042F55E /* Assets.xcassets */ = {isa = PBXFileReference; lastKnownFileType = folder.assetcatalog; path = Assets.xcassets; sourceTree = "<group>"; };
		03683BF126E98D6D0042F55E /* Base */ = {isa = PBXFileReference; lastKnownFileType = file.storyboard; name = Base; path = Base.lproj/LaunchScreen.storyboard; sourceTree = "<group>"; };
		03683BF326E98D6D0042F55E /* Info.plist */ = {isa = PBXFileReference; lastKnownFileType = text.plist.xml; path = Info.plist; sourceTree = "<group>"; };
		03683BF826E98D6D0042F55E /* ConversoresTests.xctest */ = {isa = PBXFileReference; explicitFileType = wrapper.cfbundle; includeInIndex = 0; path = ConversoresTests.xctest; sourceTree = BUILT_PRODUCTS_DIR; };
		03683BFC26E98D6D0042F55E /* ConversoresTests.swift */ = {isa = PBXFileReference; lastKnownFileType = sourcecode.swift; path = ConversoresTests.swift; sourceTree = "<group>"; };
		03683BFE26E98D6D0042F55E /* Info.plist */ = {isa = PBXFileReference; lastKnownFileType = text.plist.xml; path = Info.plist; sourceTree = "<group>"; };
		03683C0326E98D6D0042F55E /* ConversoresUITests.xctest */ = {isa = PBXFileReference; explicitFileType = wrapper.cfbundle; includeInIndex = 0; path = ConversoresUITests.xctest; sourceTree = BUILT_PRODUCTS_DIR; };
		03683C0726E98D6D0042F55E /* ConversoresUITests.swift */ = {isa = PBXFileReference; lastKnownFileType = sourcecode.swift; path = ConversoresUITests.swift; sourceTree = "<group>"; };
		03683C0926E98D6D0042F55E /* Info.plist */ = {isa = PBXFileReference; lastKnownFileType = text.plist.xml; path = Info.plist; sourceTree = "<group>"; };
/* End PBXFileReference section */

/* Begin PBXFrameworksBuildPhase section */
		03683BDF26E98D6B0042F55E /* Frameworks */ = {
			isa = PBXFrameworksBuildPhase;
			buildActionMask = 2147483647;
			files = (
			);
			runOnlyForDeploymentPostprocessing = 0;
		};
		03683BF526E98D6D0042F55E /* Frameworks */ = {
			isa = PBXFrameworksBuildPhase;
			buildActionMask = 2147483647;
			files = (
			);
			runOnlyForDeploymentPostprocessing = 0;
		};
		03683C0026E98D6D0042F55E /* Frameworks */ = {
			isa = PBXFrameworksBuildPhase;
			buildActionMask = 2147483647;
			files = (
			);
			runOnlyForDeploymentPostprocessing = 0;
		};
/* End PBXFrameworksBuildPhase section */

/* Begin PBXGroup section */
		03683BD926E98D6B0042F55E = {
			isa = PBXGroup;
			children = (
				03683BE426E98D6B0042F55E /* Conversores */,
				03683BFB26E98D6D0042F55E /* ConversoresTests */,
				03683C0626E98D6D0042F55E /* ConversoresUITests */,
				03683BE326E98D6B0042F55E /* Products */,
			);
			sourceTree = "<group>";
		};
		03683BE326E98D6B0042F55E /* Products */ = {
			isa = PBXGroup;
			children = (
				03683BE226E98D6B0042F55E /* Conversores.app */,
				03683BF826E98D6D0042F55E /* ConversoresTests.xctest */,
				03683C0326E98D6D0042F55E /* ConversoresUITests.xctest */,
			);
			name = Products;
			sourceTree = "<group>";
		};
		03683BE426E98D6B0042F55E /* Conversores */ = {
			isa = PBXGroup;
			children = (
				03683BE526E98D6B0042F55E /* AppDelegate.swift */,
				03683BE726E98D6B0042F55E /* SceneDelegate.swift */,
				03683BE926E98D6B0042F55E /* ViewController.swift */,
				03683BEB26E98D6B0042F55E /* Main.storyboard */,
				03683BEE26E98D6D0042F55E /* Assets.xcassets */,
				03683BF026E98D6D0042F55E /* LaunchScreen.storyboard */,
				03683BF326E98D6D0042F55E /* Info.plist */,
			);
			path = Conversores;
			sourceTree = "<group>";
		};
		03683BFB26E98D6D0042F55E /* ConversoresTests */ = {
			isa = PBXGroup;
			children = (
				03683BFC26E98D6D0042F55E /* ConversoresTests.swift */,
				03683BFE26E98D6D0042F55E /* Info.plist */,
			);
			path = ConversoresTests;
			sourceTree = "<group>";
		};
		03683C0626E98D6D0042F55E /* ConversoresUITests */ = {
			isa = PBXGroup;
			children = (
				03683C0726E98D6D0042F55E /* ConversoresUITests.swift */,
				03683C0926E98D6D0042F55E /* Info.plist */,
			);
			path = ConversoresUITests;
			sourceTree = "<group>";
		};
/* End PBXGroup section */

/* Begin PBXNativeTarget section */
		03683BE126E98D6B0042F55E /* Conversores */ = {
			isa = PBXNativeTarget;
			buildConfigurationList = 03683C0C26E98D6D0042F55E /* Build configuration list for PBXNativeTarget "Conversores" */;
			buildPhases = (
				03683BDE26E98D6B0042F55E /* Sources */,
				03683BDF26E98D6B0042F55E /* Frameworks */,
				03683BE026E98D6B0042F55E /* Resources */,
			);
			buildRules = (
			);
			dependencies = (
			);
			name = Conversores;
			productName = Conversores;
			productReference = 03683BE226E98D6B0042F55E /* Conversores.app */;
			productType = "com.apple.product-type.application";
		};
		03683BF726E98D6D0042F55E /* ConversoresTests */ = {
			isa = PBXNativeTarget;
			buildConfigurationList = 03683C0F26E98D6D0042F55E /* Build configuration list for PBXNativeTarget "ConversoresTests" */;
			buildPhases = (
				03683BF426E98D6D0042F55E /* Sources */,
				03683BF526E98D6D0042F55E /* Frameworks */,
				03683BF626E98D6D0042F55E /* Resources */,
			);
			buildRules = (
			);
			dependencies = (
				03683BFA26E98D6D0042F55E /* PBXTargetDependency */,
			);
			name = ConversoresTests;
			productName = ConversoresTests;
			productReference = 03683BF826E98D6D0042F55E /* ConversoresTests.xctest */;
			productType = "com.apple.product-type.bundle.unit-test";
		};
		03683C0226E98D6D0042F55E /* ConversoresUITests */ = {
			isa = PBXNativeTarget;
			buildConfigurationList = 03683C1226E98D6D0042F55E /* Build configuration list for PBXNativeTarget "ConversoresUITests" */;
			buildPhases = (
				03683BFF26E98D6D0042F55E /* Sources */,
				03683C0026E98D6D0042F55E /* Frameworks */,
				03683C0126E98D6D0042F55E /* Resources */,
			);
			buildRules = (
			);
			dependencies = (
				03683C0526E98D6D0042F55E /* PBXTargetDependency */,
			);
			name = ConversoresUITests;
			productName = ConversoresUITests;
			productReference = 03683C0326E98D6D0042F55E /* ConversoresUITests.xctest */;
			productType = "com.apple.product-type.bundle.ui-testing";
		};
/* End PBXNativeTarget section */

/* Begin PBXProject section */
		03683BDA26E98D6B0042F55E /* Project object */ = {
			isa = PBXProject;
			attributes = {
				LastSwiftUpdateCheck = 1240;
				LastUpgradeCheck = 1240;
				TargetAttributes = {
					03683BE126E98D6B0042F55E = {
						CreatedOnToolsVersion = 12.4;
					};
					03683BF726E98D6D0042F55E = {
						CreatedOnToolsVersion = 12.4;
						TestTargetID = 03683BE126E98D6B0042F55E;
					};
					03683C0226E98D6D0042F55E = {
						CreatedOnToolsVersion = 12.4;
						TestTargetID = 03683BE126E98D6B0042F55E;
					};
				};
			};
			buildConfigurationList = 03683BDD26E98D6B0042F55E /* Build configuration list for PBXProject "Conversores" */;
			compatibilityVersion = "Xcode 9.3";
			developmentRegion = en;
			hasScannedForEncodings = 0;
			knownRegions = (
				en,
				Base,
			);
			mainGroup = 03683BD926E98D6B0042F55E;
			productRefGroup = 03683BE326E98D6B0042F55E /* Products */;
			projectDirPath = "";
			projectRoot = "";
			targets = (
				03683BE126E98D6B0042F55E /* Conversores */,
				03683BF726E98D6D0042F55E /* ConversoresTests */,
				03683C0226E98D6D0042F55E /* ConversoresUITests */,
			);
		};
/* End PBXProject section */

/* Begin PBXResourcesBuildPhase section */
		03683BE026E98D6B0042F55E /* Resources */ = {
			isa = PBXResourcesBuildPhase;
			buildActionMask = 2147483647;
			files = (
				03683BF226E98D6D0042F55E /* LaunchScreen.storyboard in Resources */,
				03683BEF26E98D6D0042F55E /* Assets.xcassets in Resources */,
				03683BED26E98D6B0042F55E /* Main.storyboard in Resources */,
			);
			runOnlyForDeploymentPostprocessing = 0;
		};
		03683BF626E98D6D0042F55E /* Resources */ = {
			isa = PBXResourcesBuildPhase;
			buildActionMask = 2147483647;
			files = (
			);
			runOnlyForDeploymentPostprocessing = 0;
		};
		03683C0126E98D6D0042F55E /* Resources */ = {
			isa = PBXResourcesBuildPhase;
			buildActionMask = 2147483647;
			files = (
			);
			runOnlyForDeploymentPostprocessing = 0;
		};
/* End PBXResourcesBuildPhase section */

/* Begin PBXSourcesBuildPhase section */
		03683BDE26E98D6B0042F55E /* Sources */ = {
			isa = PBXSourcesBuildPhase;
			buildActionMask = 2147483647;
			files = (
				03683BEA26E98D6B0042F55E /* ViewController.swift in Sources */,
				03683BE626E98D6B0042F55E /* AppDelegate.swift in Sources */,
				03683BE826E98D6B0042F55E /* SceneDelegate.swift in Sources */,
			);
			runOnlyForDeploymentPostprocessing = 0;
		};
		03683BF426E98D6D0042F55E /* Sources */ = {
			isa = PBXSourcesBuildPhase;
			buildActionMask = 2147483647;
			files = (
				03683BFD26E98D6D0042F55E /* ConversoresTests.swift in Sources */,
			);
			runOnlyForDeploymentPostprocessing = 0;
		};
		03683BFF26E98D6D0042F55E /* Sources */ = {
			isa = PBXSourcesBuildPhase;
			buildActionMask = 2147483647;
			files = (
				03683C0826E98D6D0042F55E /* ConversoresUITests.swift in Sources */,
			);
			runOnlyForDeploymentPostprocessing = 0;
		};
/* End PBXSourcesBuildPhase section */

/* Begin PBXTargetDependency section */
		03683BFA26E98D6D0042F55E /* PBXTargetDependency */ = {
			isa = PBXTargetDependency;
			target = 03683BE126E98D6B0042F55E /* Conversores */;
			targetProxy = 03683BF926E98D6D0042F55E /* PBXContainerItemProxy */;
		};
		03683C0526E98D6D0042F55E /* PBXTargetDependency */ = {
			isa = PBXTargetDependency;
			target = 03683BE126E98D6B0042F55E /* Conversores */;
			targetProxy = 03683C0426E98D6D0042F55E /* PBXContainerItemProxy */;
		};
/* End PBXTargetDependency section */

/* Begin PBXVariantGroup section */
		03683BEB26E98D6B0042F55E /* Main.storyboard */ = {
			isa = PBXVariantGroup;
			children = (
				03683BEC26E98D6B0042F55E /* Base */,
			);
			name = Main.storyboard;
			sourceTree = "<group>";
		};
		03683BF026E98D6D0042F55E /* LaunchScreen.storyboard */ = {
			isa = PBXVariantGroup;
			children = (
				03683BF126E98D6D0042F55E /* Base */,
			);
			name = LaunchScreen.storyboard;
			sourceTree = "<group>";
		};
/* End PBXVariantGroup section */

/* Begin XCBuildConfiguration section */
		03683C0A26E98D6D0042F55E /* Debug */ = {
			isa = XCBuildConfiguration;
			buildSettings = {
				ALWAYS_SEARCH_USER_PATHS = NO;
				CLANG_ANALYZER_NONNULL = YES;
				CLANG_ANALYZER_NUMBER_OBJECT_CONVERSION = YES_AGGRESSIVE;
				CLANG_CXX_LANGUAGE_STANDARD = "gnu++14";
				CLANG_CXX_LIBRARY = "libc++";
				CLANG_ENABLE_MODULES = YES;
				CLANG_ENABLE_OBJC_ARC = YES;
				CLANG_ENABLE_OBJC_WEAK = YES;
				CLANG_WARN_BLOCK_CAPTURE_AUTORELEASING = YES;
				CLANG_WARN_BOOL_CONVERSION = YES;
				CLANG_WARN_COMMA = YES;
				CLANG_WARN_CONSTANT_CONVERSION = YES;
				CLANG_WARN_DEPRECATED_OBJC_IMPLEMENTATIONS = YES;
				CLANG_WARN_DIRECT_OBJC_ISA_USAGE = YES_ERROR;
				CLANG_WARN_DOCUMENTATION_COMMENTS = YES;
				CLANG_WARN_EMPTY_BODY = YES;
				CLANG_WARN_ENUM_CONVERSION = YES;
				CLANG_WARN_INFINITE_RECURSION = YES;
				CLANG_WARN_INT_CONVERSION = YES;
				CLANG_WARN_NON_LITERAL_NULL_CONVERSION = YES;
				CLANG_WARN_OBJC_IMPLICIT_RETAIN_SELF = YES;
				CLANG_WARN_OBJC_LITERAL_CONVERSION = YES;
				CLANG_WARN_OBJC_ROOT_CLASS = YES_ERROR;
				CLANG_WARN_QUOTED_INCLUDE_IN_FRAMEWORK_HEADER = YES;
				CLANG_WARN_RANGE_LOOP_ANALYSIS = YES;
				CLANG_WARN_STRICT_PROTOTYPES = YES;
				CLANG_WARN_SUSPICIOUS_MOVE = YES;
				CLANG_WARN_UNGUARDED_AVAILABILITY = YES_AGGRESSIVE;
				CLANG_WARN_UNREACHABLE_CODE = YES;
				CLANG_WARN__DUPLICATE_METHOD_MATCH = YES;
				COPY_PHASE_STRIP = NO;
				DEBUG_INFORMATION_FORMAT = dwarf;
				ENABLE_STRICT_OBJC_MSGSEND = YES;
				ENABLE_TESTABILITY = YES;
				GCC_C_LANGUAGE_STANDARD = gnu11;
				GCC_DYNAMIC_NO_PIC = NO;
				GCC_NO_COMMON_BLOCKS = YES;
				GCC_OPTIMIZATION_LEVEL = 0;
				GCC_PREPROCESSOR_DEFINITIONS = (
					"DEBUG=1",
					"$(inherited)",
				);
				GCC_WARN_64_TO_32_BIT_CONVERSION = YES;
				GCC_WARN_ABOUT_RETURN_TYPE = YES_ERROR;
				GCC_WARN_UNDECLARED_SELECTOR = YES;
				GCC_WARN_UNINITIALIZED_AUTOS = YES_AGGRESSIVE;
				GCC_WARN_UNUSED_FUNCTION = YES;
				GCC_WARN_UNUSED_VARIABLE = YES;
				IPHONEOS_DEPLOYMENT_TARGET = 14.4;
				MTL_ENABLE_DEBUG_INFO = INCLUDE_SOURCE;
				MTL_FAST_MATH = YES;
				ONLY_ACTIVE_ARCH = YES;
				SDKROOT = iphoneos;
				SWIFT_ACTIVE_COMPILATION_CONDITIONS = DEBUG;
				SWIFT_OPTIMIZATION_LEVEL = "-Onone";
			};
			name = Debug;
		};
		03683C0B26E98D6D0042F55E /* Release */ = {
			isa = XCBuildConfiguration;
			buildSettings = {
				ALWAYS_SEARCH_USER_PATHS = NO;
				CLANG_ANALYZER_NONNULL = YES;
				CLANG_ANALYZER_NUMBER_OBJECT_CONVERSION = YES_AGGRESSIVE;
				CLANG_CXX_LANGUAGE_STANDARD = "gnu++14";
				CLANG_CXX_LIBRARY = "libc++";
				CLANG_ENABLE_MODULES = YES;
				CLANG_ENABLE_OBJC_ARC = YES;
				CLANG_ENABLE_OBJC_WEAK = YES;
				CLANG_WARN_BLOCK_CAPTURE_AUTORELEASING = YES;
				CLANG_WARN_BOOL_CONVERSION = YES;
				CLANG_WARN_COMMA = YES;
				CLANG_WARN_CONSTANT_CONVERSION = YES;
				CLANG_WARN_DEPRECATED_OBJC_IMPLEMENTATIONS = YES;
				CLANG_WARN_DIRECT_OBJC_ISA_USAGE = YES_ERROR;
				CLANG_WARN_DOCUMENTATION_COMMENTS = YES;
				CLANG_WARN_EMPTY_BODY = YES;
				CLANG_WARN_ENUM_CONVERSION = YES;
				CLANG_WARN_INFINITE_RECURSION = YES;
				CLANG_WARN_INT_CONVERSION = YES;
				CLANG_WARN_NON_LITERAL_NULL_CONVERSION = YES;
				CLANG_WARN_OBJC_IMPLICIT_RETAIN_SELF = YES;
				CLANG_WARN_OBJC_LITERAL_CONVERSION = YES;
				CLANG_WARN_OBJC_ROOT_CLASS = YES_ERROR;
				CLANG_WARN_QUOTED_INCLUDE_IN_FRAMEWORK_HEADER = YES;
				CLANG_WARN_RANGE_LOOP_ANALYSIS = YES;
				CLANG_WARN_STRICT_PROTOTYPES = YES;
				CLANG_WARN_SUSPICIOUS_MOVE = YES;
				CLANG_WARN_UNGUARDED_AVAILABILITY = YES_AGGRESSIVE;
				CLANG_WARN_UNREACHABLE_CODE = YES;
				CLANG_WARN__DUPLICATE_METHOD_MATCH = YES;
				COPY_PHASE_STRIP = NO;
				DEBUG_INFORMATION_FORMAT = "dwarf-with-dsym";
				ENABLE_NS_ASSERTIONS = NO;
				ENABLE_STRICT_OBJC_MSGSEND = YES;
				GCC_C_LANGUAGE_STANDARD = gnu11;
				GCC_NO_COMMON_BLOCKS = YES;
				GCC_WARN_64_TO_32_BIT_CONVERSION = YES;
				GCC_WARN_ABOUT_RETURN_TYPE = YES_ERROR;
				GCC_WARN_UNDECLARED_SELECTOR = YES;
				GCC_WARN_UNINITIALIZED_AUTOS = YES_AGGRESSIVE;
				GCC_WARN_UNUSED_FUNCTION = YES;
				GCC_WARN_UNUSED_VARIABLE = YES;
				IPHONEOS_DEPLOYMENT_TARGET = 14.4;
				MTL_ENABLE_DEBUG_INFO = NO;
				MTL_FAST_MATH = YES;
				SDKROOT = iphoneos;
				SWIFT_COMPILATION_MODE = wholemodule;
				SWIFT_OPTIMIZATION_LEVEL = "-O";
				VALIDATE_PRODUCT = YES;
			};
			name = Release;
		};
		03683C0D26E98D6D0042F55E /* Debug */ = {
			isa = XCBuildConfiguration;
			buildSettings = {
				ASSETCATALOG_COMPILER_APPICON_NAME = AppIcon;
				ASSETCATALOG_COMPILER_GLOBAL_ACCENT_COLOR_NAME = AccentColor;
				CODE_SIGN_STYLE = Automatic;
				INFOPLIST_FILE = Conversores/Info.plist;
				LD_RUNPATH_SEARCH_PATHS = (
					"$(inherited)",
					"@executable_path/Frameworks",
				);
				PRODUCT_BUNDLE_IDENTIFIER = br.com.victornasser.Conversores;
				PRODUCT_NAME = "$(TARGET_NAME)";
				SWIFT_VERSION = 5.0;
				TARGETED_DEVICE_FAMILY = "1,2";
			};
			name = Debug;
		};
		03683C0E26E98D6D0042F55E /* Release */ = {
			isa = XCBuildConfiguration;
			buildSettings = {
				ASSETCATALOG_COMPILER_APPICON_NAME = AppIcon;
				ASSETCATALOG_COMPILER_GLOBAL_ACCENT_COLOR_NAME = AccentColor;
				CODE_SIGN_STYLE = Automatic;
				INFOPLIST_FILE = Conversores/Info.plist;
				LD_RUNPATH_SEARCH_PATHS = (
					"$(inherited)",
					"@executable_path/Frameworks",
				);
				PRODUCT_BUNDLE_IDENTIFIER = br.com.victornasser.Conversores;
				PRODUCT_NAME = "$(TARGET_NAME)";
				SWIFT_VERSION = 5.0;
				TARGETED_DEVICE_FAMILY = "1,2";
			};
			name = Release;
		};
		03683C1026E98D6D0042F55E /* Debug */ = {
			isa = XCBuildConfiguration;
			buildSettings = {
				ALWAYS_EMBED_SWIFT_STANDARD_LIBRARIES = YES;
				BUNDLE_LOADER = "$(TEST_HOST)";
				CODE_SIGN_STYLE = Automatic;
				INFOPLIST_FILE = ConversoresTests/Info.plist;
				IPHONEOS_DEPLOYMENT_TARGET = 14.4;
				LD_RUNPATH_SEARCH_PATHS = (
					"$(inherited)",
					"@executable_path/Frameworks",
					"@loader_path/Frameworks",
				);
				PRODUCT_BUNDLE_IDENTIFIER = br.com.victornasser.ConversoresTests;
				PRODUCT_NAME = "$(TARGET_NAME)";
				SWIFT_VERSION = 5.0;
				TARGETED_DEVICE_FAMILY = "1,2";
				TEST_HOST = "$(BUILT_PRODUCTS_DIR)/Conversores.app/Conversores";
			};
			name = Debug;
		};
		03683C1126E98D6D0042F55E /* Release */ = {
			isa = XCBuildConfiguration;
			buildSettings = {
				ALWAYS_EMBED_SWIFT_STANDARD_LIBRARIES = YES;
				BUNDLE_LOADER = "$(TEST_HOST)";
				CODE_SIGN_STYLE = Automatic;
				INFOPLIST_FILE = ConversoresTests/Info.plist;
				IPHONEOS_DEPLOYMENT_TARGET = 14.4;
				LD_RUNPATH_SEARCH_PATHS = (
					"$(inherited)",
					"@executable_path/Frameworks",
					"@loader_path/Frameworks",
				);
				PRODUCT_BUNDLE_IDENTIFIER = br.com.victornasser.ConversoresTests;
				PRODUCT_NAME = "$(TARGET_NAME)";
				SWIFT_VERSION = 5.0;
				TARGETED_DEVICE_FAMILY = "1,2";
				TEST_HOST = "$(BUILT_PRODUCTS_DIR)/Conversores.app/Conversores";
			};
			name = Release;
		};
		03683C1326E98D6D0042F55E /* Debug */ = {
			isa = XCBuildConfiguration;
			buildSettings = {
				ALWAYS_EMBED_SWIFT_STANDARD_LIBRARIES = YES;
				CODE_SIGN_STYLE = Automatic;
				INFOPLIST_FILE = ConversoresUITests/Info.plist;
				LD_RUNPATH_SEARCH_PATHS = (
					"$(inherited)",
					"@executable_path/Frameworks",
					"@loader_path/Frameworks",
				);
				PRODUCT_BUNDLE_IDENTIFIER = br.com.victornasser.ConversoresUITests;
				PRODUCT_NAME = "$(TARGET_NAME)";
				SWIFT_VERSION = 5.0;
				TARGETED_DEVICE_FAMILY = "1,2";
				TEST_TARGET_NAME = Conversores;
			};
			name = Debug;
		};
		03683C1426E98D6D0042F55E /* Release */ = {
			isa = XCBuildConfiguration;
			buildSettings = {
				ALWAYS_EMBED_SWIFT_STANDARD_LIBRARIES = YES;
				CODE_SIGN_STYLE = Automatic;
				INFOPLIST_FILE = ConversoresUITests/Info.plist;
				LD_RUNPATH_SEARCH_PATHS = (
					"$(inherited)",
					"@executable_path/Frameworks",
					"@loader_path/Frameworks",
				);
				PRODUCT_BUNDLE_IDENTIFIER = br.com.victornasser.ConversoresUITests;
				PRODUCT_NAME = "$(TARGET_NAME)";
				SWIFT_VERSION = 5.0;
				TARGETED_DEVICE_FAMILY = "1,2";
				TEST_TARGET_NAME = Conversores;
			};
			name = Release;
		};
/* End XCBuildConfiguration section */

/* Begin XCConfigurationList section */
		03683BDD26E98D6B0042F55E /* Build configuration list for PBXProject "Conversores" */ = {
			isa = XCConfigurationList;
			buildConfigurations = (
				03683C0A26E98D6D0042F55E /* Debug */,
				03683C0B26E98D6D0042F55E /* Release */,
			);
			defaultConfigurationIsVisible = 0;
			defaultConfigurationName = Release;
		};
		03683C0C26E98D6D0042F55E /* Build configuration list for PBXNativeTarget "Conversores" */ = {
			isa = XCConfigurationList;
			buildConfigurations = (
				03683C0D26E98D6D0042F55E /* Debug */,
				03683C0E26E98D6D0042F55E /* Release */,
			);
			defaultConfigurationIsVisible = 0;
			defaultConfigurationName = Release;
		};
		03683C0F26E98D6D0042F55E /* Build configuration list for PBXNativeTarget "ConversoresTests" */ = {
			isa = XCConfigurationList;
			buildConfigurations = (
				03683C1026E98D6D0042F55E /* Debug */,
				03683C1126E98D6D0042F55E /* Release */,
			);
			defaultConfigurationIsVisible = 0;
			defaultConfigurationName = Release;
		};
		03683C1226E98D6D0042F55E /* Build configuration list for PBXNativeTarget "ConversoresUITests" */ = {
			isa = XCConfigurationList;
			buildConfigurations = (
				03683C1326E98D6D0042F55E /* Debug */,
				03683C1426E98D6D0042F55E /* Release */,
			);
			defaultConfigurationIsVisible = 0;
			defaultConfigurationName = Release;
		};
/* End XCConfigurationList section */
	};
	rootObject = 03683BDA26E98D6B0042F55E /* Project object */;
}
